<?xml version="1.0" encoding="utf-8"?>
<Project ToolsVersion="4.0" xmlns="http://schemas.microsoft.com/developer/msbuild/2003">
  <ItemGroup>
    <Filter Include="源文件">
      <UniqueIdentifier>{4FC737F1-C7A5-4376-A066-2A32D752A2FF}</UniqueIdentifier>
      <Extensions>cpp;c;cc;cxx;c++;cppm;ixx;def;odl;idl;hpj;bat;asm;asmx</Extensions>
    </Filter>
    <Filter Include="头文件">
      <UniqueIdentifier>{93995380-89BD-4b04-88EB-625FBE52EBFB}</UniqueIdentifier>
      <Extensions>h;hh;hpp;hxx;h++;hm;inl;inc;ipp;xsd</Extensions>
    </Filter>
    <Filter Include="资源文件">
      <UniqueIdentifier>{67DA6AB6-F800-4c08-8B7A-83BB121AAD01}</UniqueIdentifier>
      <Extensions>rc;ico;cur;bmp;dlg;rc2;rct;bin;rgs;gif;jpg;jpeg;jpe;resx;tiff;tif;png;wav;mfcribbon-ms</Extensions>
    </Filter>
  </ItemGroup>
  <ItemGroup>
    <ClInclude Include="Solver\AutoConductor.h">
      <Filter>源文件</Filter>
    </ClInclude>
    <ClInclude Include="Solver\AutoElement.h">
      <Filter>源文件</Filter>
    </ClInclude>
    <ClInclude Include="Solver\AutoPanel.h">
      <Filter>源文件</Filter>
    </ClInclude>
    <ClInclude Include="Solver\Autorefine.h">
      <Filter>源文件</Filter>
    </ClInclude>
    <ClInclude Include="Solver\AutoSegment.h">
      <Filter>源文件</Filter>
    </ClInclude>
    <ClInclude Include="Solver\MultiplyHierarchical.h">
      <Filter>源文件</Filter>
    </ClInclude>
    <ClInclude Include="Solver\Potential.h">
      <Filter>源文件</Filter>
    </ClInclude>
    <ClInclude Include="Solver\SolveCapacitance.h">
      <Filter>源文件</Filter>
    </ClInclude>
    <ClInclude Include="Solver\SolverGlobal.h">
      <Filter>源文件</Filter>
    </ClInclude>
    <ClInclude Include="Solver\SphereGen.h">
      <Filter>源文件</Filter>
    </ClInclude>
    <ClInclude Include="FasterCapConsole.h">
      <Filter>源文件</Filter>
    </ClInclude>
    <ClInclude Include="Solver\LinAlgebra\Linalg.h">
      <Filter>源文件</Filter>
    </ClInclude>
    <ClInclude Include="Solver\LinAlgebra\LUDecomp.h">
      <Filter>源文件</Filter>
    </ClInclude>
    <ClInclude Include="Solver\LinAlgebra\Mtx.h">
      <Filter>源文件</Filter>
    </ClInclude>
    <ClInclude Include="Solver\LinAlgebra\Range.h">
      <Filter>源文件</Filter>
    </ClInclude>
    <ClInclude Include="Solver\LinAlgebra\STDAFX.H">
      <Filter>源文件</Filter>
    </ClInclude>
    <ClInclude Include="Solver\LinAlgebra\Vect.h">
      <Filter>源文件</Filter>
    </ClInclude>
    <ClInclude Include="Solver\Geometry\GeoGlobal.h">
      <Filter>源文件</Filter>
    </ClInclude>
    <ClInclude Include="Solver\Geometry\Geometry2D.h">
      <Filter>源文件</Filter>
    </ClInclude>
    <ClInclude Include="Solver\Geometry\Geometry3D.h">
      <Filter>源文件</Filter>
    </ClInclude>
    <ClInclude Include="Solver\Geometry\List.h">
      <Filter>源文件</Filter>
    </ClInclude>
    <ClInclude Include="Solver\Geometry\MathDefs.h">
      <Filter>源文件</Filter>
    </ClInclude>
    <ClInclude Include="Solver\Geometry\Operation3D.h">
      <Filter>源文件</Filter>
    </ClInclude>
    <ClInclude Include="Solver\Geometry\Triangulate.h">
      <Filter>源文件</Filter>
    </ClInclude>
    <ClInclude Include="Solver\Geometry\Vector2D.h">
      <Filter>源文件</Filter>
    </ClInclude>
    <ClInclude Include="Solver\Geometry\Vector2D_float.h">
      <Filter>源文件</Filter>
    </ClInclude>
    <ClInclude Include="Solver\Geometry\Vector3D.h">
      <Filter>源文件</Filter>
    </ClInclude>
    <ClInclude Include="Solver\Geometry\Vector3D_float.h">
      <Filter>源文件</Filter>
    </ClInclude>
  </ItemGroup>
  <ItemGroup>
    <ClCompile Include="Solver\AutoConductor.cpp">
      <Filter>源文件</Filter>
    </ClCompile>
    <ClCompile Include="Solver\AutoElement.cpp">
      <Filter>源文件</Filter>
    </ClCompile>
    <ClCompile Include="Solver\AutoPanel.cpp">
      <Filter>源文件</Filter>
    </ClCompile>
    <ClCompile Include="Solver\Autorefine.cpp">
      <Filter>源文件</Filter>
    </ClCompile>
    <ClCompile Include="Solver\AutoSegment.cpp">
      <Filter>源文件</Filter>
    </ClCompile>
    <ClCompile Include="Solver\MultiplyHierarchical.cpp">
      <Filter>源文件</Filter>
    </ClCompile>
    <ClCompile Include="Solver\Potential.cpp">
      <Filter>源文件</Filter>
    </ClCompile>
    <ClCompile Include="Solver\SolveCapacitance.cpp">
      <Filter>源文件</Filter>
    </ClCompile>
    <ClCompile Include="Solver\SolverGlobal.cpp">
      <Filter>源文件</Filter>
    </ClCompile>
    <ClCompile Include="Solver\SphereGen.cpp">
      <Filter>源文件</Filter>
    </ClCompile>
    <ClCompile Include="FasterCapConsole.cpp">
      <Filter>源文件</Filter>
    </ClCompile>
    <ClCompile Include="Solver\LinAlgebra\LUDecomp.cpp">
      <Filter>源文件</Filter>
    </ClCompile>
    <ClCompile Include="Solver\LinAlgebra\Mtx.cpp">
      <Filter>源文件</Filter>
    </ClCompile>
    <ClCompile Include="Solver\LinAlgebra\Vect.cpp">
      <Filter>源文件</Filter>
    </ClCompile>
    <ClCompile Include="Solver\Geometry\Geometry2D.cpp">
      <Filter>源文件</Filter>
    </ClCompile>
    <ClCompile Include="Solver\Geometry\Operation3D.cpp">
      <Filter>源文件</Filter>
    </ClCompile>
    <ClCompile Include="Solver\Geometry\Triangulate.cpp">
      <Filter>源文件</Filter>
    </ClCompile>
    <ClCompile Include="FasterCapGlobal.cpp">
      <Filter>源文件</Filter>
    </ClCompile>
  </ItemGroup>
</Project>